
Microsoft Visual Studio Solution File, Format Version 12.00
# Visual Studio 15
VisualStudioVersion = 15.0.26730.12
MinimumVisualStudioVersion = 10.0.40219.1
Project("{FAE04EC0-301F-11D3-BF4B-00C04F79EFBC}") = "QuironLojaVirtual.Web", "QuironLojaVirtual.Web\QuironLojaVirtual.Web.csproj", "{954B0CCA-4A17-4218-985D-5E7E10B6234E}"
EndProject
Project("{FAE04EC0-301F-11D3-BF4B-00C04F79EFBC}") = "QuironLojaVirtual.Test", "QuironLojaVirtual.Test\QuironLojaVirtual.Test.csproj", "{2378970E-AA38-45D3-A6B1-B3026EC87C57}"
EndProject
Project("{FAE04EC0-301F-11D3-BF4B-00C04F79EFBC}") = "QuironLojaVirtual.Domain", "QuironLojaVirtual.Domain\QuironLojaVirtual.Domain.csproj", "{3BA24772-4773-40E8-8537-45C0A40E1F55}"
EndProject
Global
	GlobalSection(SolutionConfigurationPlatforms) = preSolution
		Debug|Any CPU = Debug|Any CPU
		Release|Any CPU = Release|Any CPU
	EndGlobalSection
	GlobalSection(ProjectConfigurationPlatforms) = postSolution
		{954B0CCA-4A17-4218-985D-5E7E10B6234E}.Debug|Any CPU.ActiveCfg = Debug|Any CPU
		{954B0CCA-4A17-4218-985D-5E7E10B6234E}.Debug|Any CPU.Build.0 = Debug|Any CPU
		{954B0CCA-4A17-4218-985D-5E7E10B6234E}.Release|Any CPU.ActiveCfg = Release|Any CPU
		{954B0CCA-4A17-4218-985D-5E7E10B6234E}.Release|Any CPU.Build.0 = Release|Any CPU
		{2378970E-AA38-45D3-A6B1-B3026EC87C57}.Debug|Any CPU.ActiveCfg = Debug|Any CPU
		{2378970E-AA38-45D3-A6B1-B3026EC87C57}.Debug|Any CPU.Build.0 = Debug|Any CPU
		{2378970E-AA38-45D3-A6B1-B3026EC87C57}.Release|Any CPU.ActiveCfg = Release|Any CPU
		{2378970E-AA38-45D3-A6B1-B3026EC87C57}.Release|Any CPU.Build.0 = Release|Any CPU
		{3BA24772-4773-40E8-8537-45C0A40E1F55}.Debug|Any CPU.ActiveCfg = Debug|Any CPU
		{3BA24772-4773-40E8-8537-45C0A40E1F55}.Debug|Any CPU.Build.0 = Debug|Any CPU
		{3BA24772-4773-40E8-8537-45C0A40E1F55}.Release|Any CPU.ActiveCfg = Release|Any CPU
		{3BA24772-4773-40E8-8537-45C0A40E1F55}.Release|Any CPU.Build.0 = Release|Any CPU
	EndGlobalSection
	GlobalSection(SolutionProperties) = preSolution
		HideSolutionNode = FALSE
	EndGlobalSection
	GlobalSection(ExtensibilityGlobals) = postSolution
		SolutionGuid = {953376A9-E6AB-48FF-B571-4624CDBB0FB1}
	EndGlobalSection
EndGlobal
